
Microsoft Visual Studio Solution File, Format Version 11.00
# Visual Studio 2010
Project("{FAE04EC0-301F-11D3-BF4B-00C04F79EFBC}") = "PiService", "PiService\PiService.csproj", "{F87DA074-1DBA-49D1-9409-1630263E215D}"
EndProject
Global
	GlobalSection(SolutionConfigurationPlatforms) = preSolution
		Debug|x86 = Debug|x86
		Release|x86 = Release|x86
	EndGlobalSection
	GlobalSection(ProjectConfigurationPlatforms) = postSolution
		{F87DA074-1DBA-49D1-9409-1630263E215D}.Debug|x86.ActiveCfg = Debug|x86
		{F87DA074-1DBA-49D1-9409-1630263E215D}.Debug|x86.Build.0 = Debug|x86
		{F87DA074-1DBA-49D1-9409-1630263E215D}.Release|x86.ActiveCfg = Release|x86
		{F87DA074-1DBA-49D1-9409-1630263E215D}.Release|x86.Build.0 = Release|x86
	EndGlobalSection
	GlobalSection(SolutionProperties) = preSolution
		HideSolutionNode = FALSE
	EndGlobalSection
EndGlobal
